
Microsoft Visual Studio Solution File, Format Version 12.00
# Visual Studio Version 17
VisualStudioVersion = 17.1.32228.430
MinimumVisualStudioVersion = 10.0.40219.1
Project("{FAE04EC0-301F-11D3-BF4B-00C04F79EFBC}") = "BancoDapper", "BancoDapper\BancoDapper.csproj", "{F5DE12DD-9C52-417C-8AD2-05554A184326}"
EndProject
Global
	GlobalSection(SolutionConfigurationPlatforms) = preSolution
		Debug|Any CPU = Debug|Any CPU
		Release|Any CPU = Release|Any CPU
	EndGlobalSection
	GlobalSection(ProjectConfigurationPlatforms) = postSolution
		{F5DE12DD-9C52-417C-8AD2-05554A184326}.Debug|Any CPU.ActiveCfg = Debug|Any CPU
		{F5DE12DD-9C52-417C-8AD2-05554A184326}.Debug|Any CPU.Build.0 = Debug|Any CPU
		{F5DE12DD-9C52-417C-8AD2-05554A184326}.Release|Any CPU.ActiveCfg = Release|Any CPU
		{F5DE12DD-9C52-417C-8AD2-05554A184326}.Release|Any CPU.Build.0 = Release|Any CPU
	EndGlobalSection
	GlobalSection(SolutionProperties) = preSolution
		HideSolutionNode = FALSE
	EndGlobalSection
	GlobalSection(ExtensibilityGlobals) = postSolution
		SolutionGuid = {BB035FB6-2EC4-4CA0-80ED-E02E4AB8A951}
	EndGlobalSection
EndGlobal
